
Microsoft Visual Studio Solution File, Format Version 12.00
# Visual Studio Version 17
VisualStudioVersion = 17.14.37027.9
MinimumVisualStudioVersion = 10.0.40219.1
Project("{8BC9CEB8-8B4A-11D0-8D11-00A0C91BC942}") = "_AIO-UM982AGRIC-Keya", "_AIO-UM982AGRIC-Keya.vcxproj", "{398EA0B7-CB1C-AA4F-827B-8E07299DC010}"
EndProject
Global
	GlobalSection(SolutionConfigurationPlatforms) = preSolution
		Debug|ARM = Debug|ARM
		Debug|ARM64 = Debug|ARM64
		Release|ARM = Release|ARM
		Release|ARM64 = Release|ARM64
	EndGlobalSection
	GlobalSection(ProjectConfigurationPlatforms) = postSolution
		{398EA0B7-CB1C-AA4F-827B-8E07299DC010}.Debug|ARM.ActiveCfg = Debug|ARM
		{398EA0B7-CB1C-AA4F-827B-8E07299DC010}.Debug|ARM.Build.0 = Debug|ARM
		{398EA0B7-CB1C-AA4F-827B-8E07299DC010}.Debug|ARM.Deploy.0 = Debug|ARM
		{398EA0B7-CB1C-AA4F-827B-8E07299DC010}.Debug|ARM64.ActiveCfg = Debug|ARM64
		{398EA0B7-CB1C-AA4F-827B-8E07299DC010}.Debug|ARM64.Build.0 = Debug|ARM64
		{398EA0B7-CB1C-AA4F-827B-8E07299DC010}.Debug|ARM64.Deploy.0 = Debug|ARM64
		{398EA0B7-CB1C-AA4F-827B-8E07299DC010}.Release|ARM.ActiveCfg = Release|ARM
		{398EA0B7-CB1C-AA4F-827B-8E07299DC010}.Release|ARM.Build.0 = Release|ARM
		{398EA0B7-CB1C-AA4F-827B-8E07299DC010}.Release|ARM.Deploy.0 = Release|ARM
		{398EA0B7-CB1C-AA4F-827B-8E07299DC010}.Release|ARM64.ActiveCfg = Release|ARM64
		{398EA0B7-CB1C-AA4F-827B-8E07299DC010}.Release|ARM64.Build.0 = Release|ARM64
		{398EA0B7-CB1C-AA4F-827B-8E07299DC010}.Release|ARM64.Deploy.0 = Release|ARM64
	EndGlobalSection
	GlobalSection(SolutionProperties) = preSolution
		HideSolutionNode = FALSE
	EndGlobalSection
	GlobalSection(ExtensibilityGlobals) = postSolution
		SolutionGuid = {A37E9193-EB8A-4D5D-9136-90C348AF504A}
	EndGlobalSection
EndGlobal
